// !$*UTF8*$!
{
	archiveVersion = 1;
	classes = {
	};
	objectVersion = 56;
	objects = {

/* Begin PBXBuildFile section */
		FB61409C293CA3FE00005748 /* Optical_Character_RecognitionApp.swift in Sources */ = {isa = PBXBuildFile; fileRef = FB61409B293CA3FE00005748 /* Optical_Character_RecognitionApp.swift */; };
		FB61409E293CA3FE00005748 /* ContentView.swift in Sources */ = {isa = PBXBuildFile; fileRef = FB61409D293CA3FE00005748 /* ContentView.swift */; };
		FB6140A0293CA40100005748 /* Assets.xcassets in Resources */ = {isa = PBXBuildFile; fileRef = FB61409F293CA40100005748 /* Assets.xcassets */; };
		FB6140A3293CA40100005748 /* Preview Assets.xcassets in Resources */ = {isa = PBXBuildFile; fileRef = FB6140A2293CA40100005748 /* Preview Assets.xcassets */; };
		FB6140AA293CAFF800005748 /* ScanData.swift in Sources */ = {isa = PBXBuildFile; fileRef = FB6140A9293CAFF800005748 /* ScanData.swift */; };
		FB6140AC293CB24E00005748 /* ScannerView.swift in Sources */ = {isa = PBXBuildFile; fileRef = FB6140AB293CB24E00005748 /* ScannerView.swift */; };
		FB6140AE293CB41F00005748 /* TextRecognizer.swift in Sources */ = {isa = PBXBuildFile; fileRef = FB6140AD293CB41F00005748 /* TextRecognizer.swift */; };
/* End PBXBuildFile section */

/* Begin PBXFileReference section */
		FB614098293CA3FE00005748 /* Optical Character Recognition.app */ = {isa = PBXFileReference; explicitFileType = wrapper.application; includeInIndex = 0; path = "Optical Character Recognition.app"; sourceTree = BUILT_PRODUCTS_DIR; };
		FB61409B293CA3FE00005748 /* Optical_Character_RecognitionApp.swift */ = {isa = PBXFileReference; lastKnownFileType = sourcecode.swift; path = Optical_Character_RecognitionApp.swift; sourceTree = "<group>"; };
		FB61409D293CA3FE00005748 /* ContentView.swift */ = {isa = PBXFileReference; lastKnownFileType = sourcecode.swift; path = ContentView.swift; sourceTree = "<group>"; };
		FB61409F293CA40100005748 /* Assets.xcassets */ = {isa = PBXFileReference; lastKnownFileType = folder.assetcatalog; path = Assets.xcassets; sourceTree = "<group>"; };
		FB6140A2293CA40100005748 /* Preview Assets.xcassets */ = {isa = PBXFileReference; lastKnownFileType = folder.assetcatalog; path = "Preview Assets.xcassets"; sourceTree = "<group>"; };
		FB6140A9293CAFF800005748 /* ScanData.swift */ = {isa = PBXFileReference; lastKnownFileType = sourcecode.swift; path = ScanData.swift; sourceTree = "<group>"; };
		FB6140AB293CB24E00005748 /* ScannerView.swift */ = {isa = PBXFileReference; lastKnownFileType = sourcecode.swift; path = ScannerView.swift; sourceTree = "<group>"; };
		FB6140AD293CB41F00005748 /* TextRecognizer.swift */ = {isa = PBXFileReference; lastKnownFileType = sourcecode.swift; path = TextRecognizer.swift; sourceTree = "<group>"; };
/* End PBXFileReference section */

/* Begin PBXFrameworksBuildPhase section */
		FB614095293CA3FE00005748 /* Frameworks */ = {
			isa = PBXFrameworksBuildPhase;
			buildActionMask = 2147483647;
			files = (
			);
			runOnlyForDeploymentPostprocessing = 0;
		};
/* End PBXFrameworksBuildPhase section */

/* Begin PBXGroup section */
		FB61408F293CA3FE00005748 = {
			isa = PBXGroup;
			children = (
				FB61409A293CA3FE00005748 /* Optical Character Recognition */,
				FB614099293CA3FE00005748 /* Products */,
			);
			sourceTree = "<group>";
		};
		FB614099293CA3FE00005748 /* Products */ = {
			isa = PBXGroup;
			children = (
				FB614098293CA3FE00005748 /* Optical Character Recognition.app */,
			);
			name = Products;
			sourceTree = "<group>";
		};
		FB61409A293CA3FE00005748 /* Optical Character Recognition */ = {
			isa = PBXGroup;
			children = (
				FB6140AF293CBA1D00005748 /* View */,
				FB61409B293CA3FE00005748 /* Optical_Character_RecognitionApp.swift */,
				FB6140A9293CAFF800005748 /* ScanData.swift */,
				FB6140AD293CB41F00005748 /* TextRecognizer.swift */,
				FB61409F293CA40100005748 /* Assets.xcassets */,
				FB6140A1293CA40100005748 /* Preview Content */,
			);
			path = "Optical Character Recognition";
			sourceTree = "<group>";
		};
		FB6140A1293CA40100005748 /* Preview Content */ = {
			isa = PBXGroup;
			children = (
				FB6140A2293CA40100005748 /* Preview Assets.xcassets */,
			);
			path = "Preview Content";
			sourceTree = "<group>";
		};
		FB6140AF293CBA1D00005748 /* View */ = {
			isa = PBXGroup;
			children = (
				FB61409D293CA3FE00005748 /* ContentView.swift */,
				FB6140AB293CB24E00005748 /* ScannerView.swift */,
			);
			path = View;
			sourceTree = "<group>";
		};
/* End PBXGroup section */

/* Begin PBXNativeTarget section */
		FB614097293CA3FE00005748 /* Optical Character Recognition */ = {
			isa = PBXNativeTarget;
			buildConfigurationList = FB6140A6293CA40100005748 /* Build configuration list for PBXNativeTarget "Optical Character Recognition" */;
			buildPhases = (
				FB614094293CA3FE00005748 /* Sources */,
				FB614095293CA3FE00005748 /* Frameworks */,
				FB614096293CA3FE00005748 /* Resources */,
			);
			buildRules = (
			);
			dependencies = (
			);
			name = "Optical Character Recognition";
			productName = "Optical Character Recognition";
			productReference = FB614098293CA3FE00005748 /* Optical Character Recognition.app */;
			productType = "com.apple.product-type.application";
		};
/* End PBXNativeTarget section */

/* Begin PBXProject section */
		FB614090293CA3FE00005748 /* Project object */ = {
			isa = PBXProject;
			attributes = {
				BuildIndependentTargetsInParallel = 1;
				LastSwiftUpdateCheck = 1410;
				LastUpgradeCheck = 1410;
				TargetAttributes = {
					FB614097293CA3FE00005748 = {
						CreatedOnToolsVersion = 14.1;
					};
				};
			};
			buildConfigurationList = FB614093293CA3FE00005748 /* Build configuration list for PBXProject "Optical Character Recognition" */;
			compatibilityVersion = "Xcode 14.0";
			developmentRegion = en;
			hasScannedForEncodings = 0;
			knownRegions = (
				en,
				Base,
			);
			mainGroup = FB61408F293CA3FE00005748;
			productRefGroup = FB614099293CA3FE00005748 /* Products */;
			projectDirPath = "";
			projectRoot = "";
			targets = (
				FB614097293CA3FE00005748 /* Optical Character Recognition */,
			);
		};
/* End PBXProject section */

/* Begin PBXResourcesBuildPhase section */
		FB614096293CA3FE00005748 /* Resources */ = {
			isa = PBXResourcesBuildPhase;
			buildActionMask = 2147483647;
			files = (
				FB6140A3293CA40100005748 /* Preview Assets.xcassets in Resources */,
				FB6140A0293CA40100005748 /* Assets.xcassets in Resources */,
			);
			runOnlyForDeploymentPostprocessing = 0;
		};
/* End PBXResourcesBuildPhase section */

/* Begin PBXSourcesBuildPhase section */
		FB614094293CA3FE00005748 /* Sources */ = {
			isa = PBXSourcesBuildPhase;
			buildActionMask = 2147483647;
			files = (
				FB61409E293CA3FE00005748 /* ContentView.swift in Sources */,
				FB6140AC293CB24E00005748 /* ScannerView.swift in Sources */,
				FB6140AE293CB41F00005748 /* TextRecognizer.swift in Sources */,
				FB61409C293CA3FE00005748 /* Optical_Character_RecognitionApp.swift in Sources */,
				FB6140AA293CAFF800005748 /* ScanData.swift in Sources */,
			);
			runOnlyForDeploymentPostprocessing = 0;
		};
/* End PBXSourcesBuildPhase section */

/* Begin XCBuildConfiguration section */
		FB6140A4293CA40100005748 /* Debug */ = {
			isa = XCBuildConfiguration;
			buildSettings = {
				ALWAYS_SEARCH_USER_PATHS = NO;
				CLANG_ANALYZER_NONNULL = YES;
				CLANG_ANALYZER_NUMBER_OBJECT_CONVERSION = YES_AGGRESSIVE;
				CLANG_CXX_LANGUAGE_STANDARD = "gnu++20";
				CLANG_ENABLE_MODULES = YES;
				CLANG_ENABLE_OBJC_ARC = YES;
				CLANG_ENABLE_OBJC_WEAK = YES;
				CLANG_WARN_BLOCK_CAPTURE_AUTORELEASING = YES;
				CLANG_WARN_BOOL_CONVERSION = YES;
				CLANG_WARN_COMMA = YES;
				CLANG_WARN_CONSTANT_CONVERSION = YES;
				CLANG_WARN_DEPRECATED_OBJC_IMPLEMENTATIONS = YES;
				CLANG_WARN_DIRECT_OBJC_ISA_USAGE = YES_ERROR;
				CLANG_WARN_DOCUMENTATION_COMMENTS = YES;
				CLANG_WARN_EMPTY_BODY = YES;
				CLANG_WARN_ENUM_CONVERSION = YES;
				CLANG_WARN_INFINITE_RECURSION = YES;
				CLANG_WARN_INT_CONVERSION = YES;
				CLANG_WARN_NON_LITERAL_NULL_CONVERSION = YES;
				CLANG_WARN_OBJC_IMPLICIT_RETAIN_SELF = YES;
				CLANG_WARN_OBJC_LITERAL_CONVERSION = YES;
				CLANG_WARN_OBJC_ROOT_CLASS = YES_ERROR;
				CLANG_WARN_QUOTED_INCLUDE_IN_FRAMEWORK_HEADER = YES;
				CLANG_WARN_RANGE_LOOP_ANALYSIS = YES;
				CLANG_WARN_STRICT_PROTOTYPES = YES;
				CLANG_WARN_SUSPICIOUS_MOVE = YES;
				CLANG_WARN_UNGUARDED_AVAILABILITY = YES_AGGRESSIVE;
				CLANG_WARN_UNREACHABLE_CODE = YES;
				CLANG_WARN__DUPLICATE_METHOD_MATCH = YES;
				COPY_PHASE_STRIP = NO;
				DEBUG_INFORMATION_FORMAT = dwarf;
				ENABLE_STRICT_OBJC_MSGSEND = YES;
				ENABLE_TESTABILITY = YES;
				GCC_C_LANGUAGE_STANDARD = gnu11;
				GCC_DYNAMIC_NO_PIC = NO;
				GCC_NO_COMMON_BLOCKS = YES;
				GCC_OPTIMIZATION_LEVEL = 0;
				GCC_PREPROCESSOR_DEFINITIONS = (
					"DEBUG=1",
					"$(inherited)",
				);
				GCC_WARN_64_TO_32_BIT_CONVERSION = YES;
				GCC_WARN_ABOUT_RETURN_TYPE = YES_ERROR;
				GCC_WARN_UNDECLARED_SELECTOR = YES;
				GCC_WARN_UNINITIALIZED_AUTOS = YES_AGGRESSIVE;
				GCC_WARN_UNUSED_FUNCTION = YES;
				GCC_WARN_UNUSED_VARIABLE = YES;
				IPHONEOS_DEPLOYMENT_TARGET = 16.1;
				MTL_ENABLE_DEBUG_INFO = INCLUDE_SOURCE;
				MTL_FAST_MATH = YES;
				ONLY_ACTIVE_ARCH = YES;
				SDKROOT = iphoneos;
				SWIFT_ACTIVE_COMPILATION_CONDITIONS = DEBUG;
				SWIFT_OPTIMIZATION_LEVEL = "-Onone";
			};
			name = Debug;
		};
		FB6140A5293CA40100005748 /* Release */ = {
			isa = XCBuildConfiguration;
			buildSettings = {
				ALWAYS_SEARCH_USER_PATHS = NO;
				CLANG_ANALYZER_NONNULL = YES;
				CLANG_ANALYZER_NUMBER_OBJECT_CONVERSION = YES_AGGRESSIVE;
				CLANG_CXX_LANGUAGE_STANDARD = "gnu++20";
				CLANG_ENABLE_MODULES = YES;
				CLANG_ENABLE_OBJC_ARC = YES;
				CLANG_ENABLE_OBJC_WEAK = YES;
				CLANG_WARN_BLOCK_CAPTURE_AUTORELEASING = YES;
				CLANG_WARN_BOOL_CONVERSION = YES;
				CLANG_WARN_COMMA = YES;
				CLANG_WARN_CONSTANT_CONVERSION = YES;
				CLANG_WARN_DEPRECATED_OBJC_IMPLEMENTATIONS = YES;
				CLANG_WARN_DIRECT_OBJC_ISA_USAGE = YES_ERROR;
				CLANG_WARN_DOCUMENTATION_COMMENTS = YES;
				CLANG_WARN_EMPTY_BODY = YES;
				CLANG_WARN_ENUM_CONVERSION = YES;
				CLANG_WARN_INFINITE_RECURSION = YES;
				CLANG_WARN_INT_CONVERSION = YES;
				CLANG_WARN_NON_LITERAL_NULL_CONVERSION = YES;
				CLANG_WARN_OBJC_IMPLICIT_RETAIN_SELF = YES;
				CLANG_WARN_OBJC_LITERAL_CONVERSION = YES;
				CLANG_WARN_OBJC_ROOT_CLASS = YES_ERROR;
				CLANG_WARN_QUOTED_INCLUDE_IN_FRAMEWORK_HEADER = YES;
				CLANG_WARN_RANGE_LOOP_ANALYSIS = YES;
				CLANG_WARN_STRICT_PROTOTYPES = YES;
				CLANG_WARN_SUSPICIOUS_MOVE = YES;
				CLANG_WARN_UNGUARDED_AVAILABILITY = YES_AGGRESSIVE;
				CLANG_WARN_UNREACHABLE_CODE = YES;
				CLANG_WARN__DUPLICATE_METHOD_MATCH = YES;
				COPY_PHASE_STRIP = NO;
				DEBUG_INFORMATION_FORMAT = "dwarf-with-dsym";
				ENABLE_NS_ASSERTIONS = NO;
				ENABLE_STRICT_OBJC_MSGSEND = YES;
				GCC_C_LANGUAGE_STANDARD = gnu11;
				GCC_NO_COMMON_BLOCKS = YES;
				GCC_WARN_64_TO_32_BIT_CONVERSION = YES;
				GCC_WARN_ABOUT_RETURN_TYPE = YES_ERROR;
				GCC_WARN_UNDECLARED_SELECTOR = YES;
				GCC_WARN_UNINITIALIZED_AUTOS = YES_AGGRESSIVE;
				GCC_WARN_UNUSED_FUNCTION = YES;
				GCC_WARN_UNUSED_VARIABLE = YES;
				IPHONEOS_DEPLOYMENT_TARGET = 16.1;
				MTL_ENABLE_DEBUG_INFO = NO;
				MTL_FAST_MATH = YES;
				SDKROOT = iphoneos;
				SWIFT_COMPILATION_MODE = wholemodule;
				SWIFT_OPTIMIZATION_LEVEL = "-O";
				VALIDATE_PRODUCT = YES;
			};
			name = Release;
		};
		FB6140A7293CA40100005748 /* Debug */ = {
			isa = XCBuildConfiguration;
			buildSettings = {
				ASSETCATALOG_COMPILER_APPICON_NAME = AppIcon;
				ASSETCATALOG_COMPILER_GLOBAL_ACCENT_COLOR_NAME = AccentColor;
				CODE_SIGN_STYLE = Automatic;
				CURRENT_PROJECT_VERSION = 1;
				DEVELOPMENT_ASSET_PATHS = "\"Optical Character Recognition/Preview Content\"";
				DEVELOPMENT_TEAM = TQJ6Y3982Y;
				ENABLE_PREVIEWS = YES;
				GENERATE_INFOPLIST_FILE = YES;
				INFOPLIST_KEY_NSCameraUsageDescription = "$(PRODUCT_NAME) requires permission to scan files";
				INFOPLIST_KEY_UIApplicationSceneManifest_Generation = YES;
				INFOPLIST_KEY_UIApplicationSupportsIndirectInputEvents = YES;
				INFOPLIST_KEY_UILaunchScreen_Generation = YES;
				INFOPLIST_KEY_UISupportedInterfaceOrientations_iPad = "UIInterfaceOrientationPortrait UIInterfaceOrientationPortraitUpsideDown UIInterfaceOrientationLandscapeLeft UIInterfaceOrientationLandscapeRight";
				INFOPLIST_KEY_UISupportedInterfaceOrientations_iPhone = "UIInterfaceOrientationPortrait UIInterfaceOrientationLandscapeLeft UIInterfaceOrientationLandscapeRight";
				LD_RUNPATH_SEARCH_PATHS = (
					"$(inherited)",
					"@executable_path/Frameworks",
				);
				MARKETING_VERSION = 1.0;
				PRODUCT_BUNDLE_IDENTIFIER = "com.OCR.ios.Optical-Character-Recognition";
				PRODUCT_NAME = "$(TARGET_NAME)";
				SWIFT_EMIT_LOC_STRINGS = YES;
				SWIFT_VERSION = 5.0;
				TARGETED_DEVICE_FAMILY = "1,2";
			};
			name = Debug;
		};
		FB6140A8293CA40100005748 /* Release */ = {
			isa = XCBuildConfiguration;
			buildSettings = {
				ASSETCATALOG_COMPILER_APPICON_NAME = AppIcon;
				ASSETCATALOG_COMPILER_GLOBAL_ACCENT_COLOR_NAME = AccentColor;
				CODE_SIGN_STYLE = Automatic;
				CURRENT_PROJECT_VERSION = 1;
				DEVELOPMENT_ASSET_PATHS = "\"Optical Character Recognition/Preview Content\"";
				DEVELOPMENT_TEAM = TQJ6Y3982Y;
				ENABLE_PREVIEWS = YES;
				GENERATE_INFOPLIST_FILE = YES;
				INFOPLIST_KEY_NSCameraUsageDescription = "$(PRODUCT_NAME) requires permission to scan files";
				INFOPLIST_KEY_UIApplicationSceneManifest_Generation = YES;
				INFOPLIST_KEY_UIApplicationSupportsIndirectInputEvents = YES;
				INFOPLIST_KEY_UILaunchScreen_Generation = YES;
				INFOPLIST_KEY_UISupportedInterfaceOrientations_iPad = "UIInterfaceOrientationPortrait UIInterfaceOrientationPortraitUpsideDown UIInterfaceOrientationLandscapeLeft UIInterfaceOrientationLandscapeRight";
				INFOPLIST_KEY_UISupportedInterfaceOrientations_iPhone = "UIInterfaceOrientationPortrait UIInterfaceOrientationLandscapeLeft UIInterfaceOrientationLandscapeRight";
				LD_RUNPATH_SEARCH_PATHS = (
					"$(inherited)",
					"@executable_path/Frameworks",
				);
				MARKETING_VERSION = 1.0;
				PRODUCT_BUNDLE_IDENTIFIER = "com.OCR.ios.Optical-Character-Recognition";
				PRODUCT_NAME = "$(TARGET_NAME)";
				SWIFT_EMIT_LOC_STRINGS = YES;
				SWIFT_VERSION = 5.0;
				TARGETED_DEVICE_FAMILY = "1,2";
			};
			name = Release;
		};
/* End XCBuildConfiguration section */

/* Begin XCConfigurationList section */
		FB614093293CA3FE00005748 /* Build configuration list for PBXProject "Optical Character Recognition" */ = {
			isa = XCConfigurationList;
			buildConfigurations = (
				FB6140A4293CA40100005748 /* Debug */,
				FB6140A5293CA40100005748 /* Release */,
			);
			defaultConfigurationIsVisible = 0;
			defaultConfigurationName = Release;
		};
		FB6140A6293CA40100005748 /* Build configuration list for PBXNativeTarget "Optical Character Recognition" */ = {
			isa = XCConfigurationList;
			buildConfigurations = (
				FB6140A7293CA40100005748 /* Debug */,
				FB6140A8293CA40100005748 /* Release */,
			);
			defaultConfigurationIsVisible = 0;
			defaultConfigurationName = Release;
		};
/* End XCConfigurationList section */
	};
	rootObject = FB614090293CA3FE00005748 /* Project object */;
}
